
Microsoft Visual Studio Solution File, Format Version 12.00
# Visual Studio Version 17
VisualStudioVersion = 17.3.32922.545
MinimumVisualStudioVersion = 10.0.40219.1
Project("{FAE04EC0-301F-11D3-BF4B-00C04F79EFBC}") = "FeedbackAppUI", "FeedbackAppUI\FeedbackAppUI.csproj", "{833C4D7D-AD22-46E1-A9BE-9FBCA244CCE9}"
EndProject
Project("{FAE04EC0-301F-11D3-BF4B-00C04F79EFBC}") = "FeedbackAppLibrary", "FeedbackAppLibrary\FeedbackAppLibrary.csproj", "{62A8638C-BAFD-455B-BA3F-054948C6A1AD}"
EndProject
Project("{2150E333-8FDC-42A3-9474-1A3956D46DE8}") = "Solution Items", "Solution Items", "{0578F7BE-C27B-4DEA-8675-DFB4C35E0941}"
	ProjectSection(SolutionItems) = preProject
		.editorconfig = .editorconfig
	EndProjectSection
EndProject
Global
	GlobalSection(SolutionConfigurationPlatforms) = preSolution
		Debug|Any CPU = Debug|Any CPU
		Release|Any CPU = Release|Any CPU
	EndGlobalSection
	GlobalSection(ProjectConfigurationPlatforms) = postSolution
		{833C4D7D-AD22-46E1-A9BE-9FBCA244CCE9}.Debug|Any CPU.ActiveCfg = Debug|Any CPU
		{833C4D7D-AD22-46E1-A9BE-9FBCA244CCE9}.Debug|Any CPU.Build.0 = Debug|Any CPU
		{833C4D7D-AD22-46E1-A9BE-9FBCA244CCE9}.Release|Any CPU.ActiveCfg = Release|Any CPU
		{833C4D7D-AD22-46E1-A9BE-9FBCA244CCE9}.Release|Any CPU.Build.0 = Release|Any CPU
		{62A8638C-BAFD-455B-BA3F-054948C6A1AD}.Debug|Any CPU.ActiveCfg = Debug|Any CPU
		{62A8638C-BAFD-455B-BA3F-054948C6A1AD}.Debug|Any CPU.Build.0 = Debug|Any CPU
		{62A8638C-BAFD-455B-BA3F-054948C6A1AD}.Release|Any CPU.ActiveCfg = Release|Any CPU
		{62A8638C-BAFD-455B-BA3F-054948C6A1AD}.Release|Any CPU.Build.0 = Release|Any CPU
	EndGlobalSection
	GlobalSection(SolutionProperties) = preSolution
		HideSolutionNode = FALSE
	EndGlobalSection
	GlobalSection(ExtensibilityGlobals) = postSolution
		SolutionGuid = {80D0E6E3-3CE5-459D-8960-B921478A19F0}
	EndGlobalSection
EndGlobal
